
Microsoft Visual Studio Solution File, Format Version 12.00
# Visual Studio Version 17
VisualStudioVersion = 17.8.34309.116
MinimumVisualStudioVersion = 10.0.40219.1
Project("{FAE04EC0-301F-11D3-BF4B-00C04F79EFBC}") = "Refit.Console", "Refit.Console\Refit.Console.csproj", "{80089364-EE8B-4EB6-B5CA-CA174D687A5F}"
EndProject
Global
	GlobalSection(SolutionConfigurationPlatforms) = preSolution
		Debug|Any CPU = Debug|Any CPU
		Release|Any CPU = Release|Any CPU
	EndGlobalSection
	GlobalSection(ProjectConfigurationPlatforms) = postSolution
		{80089364-EE8B-4EB6-B5CA-CA174D687A5F}.Debug|Any CPU.ActiveCfg = Debug|Any CPU
		{80089364-EE8B-4EB6-B5CA-CA174D687A5F}.Debug|Any CPU.Build.0 = Debug|Any CPU
		{80089364-EE8B-4EB6-B5CA-CA174D687A5F}.Release|Any CPU.ActiveCfg = Release|Any CPU
		{80089364-EE8B-4EB6-B5CA-CA174D687A5F}.Release|Any CPU.Build.0 = Release|Any CPU
	EndGlobalSection
	GlobalSection(SolutionProperties) = preSolution
		HideSolutionNode = FALSE
	EndGlobalSection
	GlobalSection(ExtensibilityGlobals) = postSolution
		SolutionGuid = {6963D233-6F4A-47CB-9AA2-E1BF93DA1CC9}
	EndGlobalSection
EndGlobal
